
Microsoft Visual Studio Solution File, Format Version 12.00
Project("{FAE04EC0-301F-11D3-BF4B-00C04F79EFBC}") = "YourNoteBook", "YourNoteBook.csproj", "{E39935D4-EE54-49E1-8D59-EAE9C11B9076}"
EndProject
Global
	GlobalSection(SolutionConfigurationPlatforms) = preSolution
		Debug|Any CPU = Debug|Any CPU
		Release|Any CPU = Release|Any CPU
	EndGlobalSection
	GlobalSection(ProjectConfigurationPlatforms) = postSolution
		{E39935D4-EE54-49E1-8D59-EAE9C11B9076}.Debug|Any CPU.ActiveCfg = Debug|Any CPU
		{E39935D4-EE54-49E1-8D59-EAE9C11B9076}.Debug|Any CPU.Build.0 = Debug|Any CPU
		{E39935D4-EE54-49E1-8D59-EAE9C11B9076}.Release|Any CPU.ActiveCfg = Release|Any CPU
		{E39935D4-EE54-49E1-8D59-EAE9C11B9076}.Release|Any CPU.Build.0 = Release|Any CPU
	EndGlobalSection
EndGlobal
